GEM
  remote: https://rubygems.org/
  specs:
    dotenv (3.2.0)
    excon (1.5.0)
      logger
    logger (1.7.0)
    mini_portile2 (2.8.9)
    nokogiri (1.19.4)
      mini_portile2 (~> 2.8.2)
      racc (~> 1.4)
    racc (1.8.1)

PLATFORMS
  ruby

DEPENDENCIES
  dotenv
  excon
  nokogiri

CHECKSUMS
  bundler (4.0.15) sha256=a4ceb882fe94a0e0ac63cd0813932bbfd631a14e5ac0b7975189b19a4d28d9e7
  dotenv (3.2.0) sha256=e375b83121ea7ca4ce20f214740076129ab8514cd81378161f11c03853fe619d
  excon (1.5.0) sha256=c503ad1d0123bc8ab2a062ff3789dc891ec368cb9e13765ab88a9c58c8bb6d50
  logger (1.7.0) sha256=196edec7cc44b66cfb40f9755ce11b392f21f7967696af15d274dde7edff0203
  mini_portile2 (2.8.9) sha256=0cd7c7f824e010c072e33f68bc02d85a00aeb6fce05bb4819c03dfd3c140c289
  nokogiri (1.19.4) sha256=50c951611c92bca05c51411aef45f1cbc50f2821c4802758c5c6d34696533ab5
  racc (1.8.1) sha256=4a7f6929691dbec8b5209a0b373bc2614882b55fc5d2e447a21aaa691303d62f

BUNDLED WITH
  4.0.15
